# This is a Gradle generated file for dependency locking.
# Manual edits can break the build and are not advised.
# This file is expected to be part of source control.
org.freemarker:freemarker:2.3.30=koverJvmReporter
org.jetbrains.intellij.deps:coverage-report:1.0.19=koverJvmReporter
org.jetbrains.intellij.deps:intellij-coverage-agent:1.0.721=koverJvmAgent,koverJvmReporter
org.jetbrains.intellij.deps:intellij-coverage-reporter:1.0.721=koverJvmReporter
org.jetbrains.intellij.deps:trove4j:1.0.20200330=kotlinKlibCommonizerClasspath
org.jetbrains.kotlin:kotlin-compiler-embeddable:1.9.0=kotlinKlibCommonizerClasspath
org.jetbrains.kotlin:kotlin-daemon-embeddable:1.9.0=kotlinKlibCommonizerClasspath
org.jetbrains.kotlin:kotlin-klib-commonizer-embeddable:1.9.0=kotlinKlibCommonizerClasspath
org.jetbrains.kotlin:kotlin-reflect:1.6.10=kotlinKlibCommonizerClasspath
org.jetbrains.kotlin:kotlin-script-runtime:1.9.0=kotlinKlibCommonizerClasspath
org.jetbrains.kotlin:kotlin-stdlib-common:1.9.0=kotlinKlibCommonizerClasspath
org.jetbrains.kotlin:kotlin-stdlib:1.9.0=kotlinKlibCommonizerClasspath
org.jetbrains:annotations:13.0=kotlinKlibCommonizerClasspath
org.jetbrains:annotations:16.0.2=koverJvmReporter
empty=koverExternalArtifacts
