# This is a Gradle generated file for dependency locking.
# Manual edits can break the build and are not advised.
# This file is expected to be part of source control.
com.beust:jcommander:1.82=detekt
com.fasterxml.jackson.core:jackson-annotations:2.12.7=dokkaGfmPartialPlugin,dokkaGfmPartialRuntime,dokkaGfmPlugin,dokkaGfmRuntime,dokkaHtmlPartialPlugin,dokkaHtmlPartialRuntime,dokkaHtmlPlugin,dokkaHtmlRuntime,dokkaJavadocPartialPlugin,dokkaJavadocPartialRuntime,dokkaJavadocPlugin,dokkaJavadocRuntime,dokkaJekyllPartialPlugin,dokkaJekyllPartialRuntime,dokkaJekyllPlugin,dokkaJekyllRuntime
com.fasterxml.jackson.core:jackson-core:2.12.7=dokkaGfmPartialPlugin,dokkaGfmPartialRuntime,dokkaGfmPlugin,dokkaGfmRuntime,dokkaHtmlPartialPlugin,dokkaHtmlPartialRuntime,dokkaHtmlPlugin,dokkaHtmlRuntime,dokkaJavadocPartialPlugin,dokkaJavadocPartialRuntime,dokkaJavadocPlugin,dokkaJavadocRuntime,dokkaJekyllPartialPlugin,dokkaJekyllPartialRuntime,dokkaJekyllPlugin,dokkaJekyllRuntime
com.fasterxml.jackson.core:jackson-databind:2.12.7.1=dokkaGfmPartialPlugin,dokkaGfmPartialRuntime,dokkaGfmPlugin,dokkaGfmRuntime,dokkaHtmlPartialPlugin,dokkaHtmlPartialRuntime,dokkaHtmlPlugin,dokkaHtmlRuntime,dokkaJavadocPartialPlugin,dokkaJavadocPartialRuntime,dokkaJavadocPlugin,dokkaJavadocRuntime,dokkaJekyllPartialPlugin,dokkaJekyllPartialRuntime,dokkaJekyllPlugin,dokkaJekyllRuntime
com.fasterxml.jackson.dataformat:jackson-dataformat-xml:2.12.7=dokkaGfmPartialRuntime,dokkaGfmRuntime,dokkaHtmlPartialRuntime,dokkaHtmlRuntime,dokkaJavadocPartialRuntime,dokkaJavadocRuntime,dokkaJekyllPartialRuntime,dokkaJekyllRuntime
com.fasterxml.jackson.module:jackson-module-jaxb-annotations:2.12.7=dokkaGfmPartialRuntime,dokkaGfmRuntime,dokkaHtmlPartialRuntime,dokkaHtmlRuntime,dokkaJavadocPartialRuntime,dokkaJavadocRuntime,dokkaJekyllPartialRuntime,dokkaJekyllRuntime
com.fasterxml.jackson.module:jackson-module-kotlin:2.12.7=dokkaGfmPartialPlugin,dokkaGfmPartialRuntime,dokkaGfmPlugin,dokkaGfmRuntime,dokkaHtmlPartialPlugin,dokkaHtmlPartialRuntime,dokkaHtmlPlugin,dokkaHtmlRuntime,dokkaJavadocPartialPlugin,dokkaJavadocPartialRuntime,dokkaJavadocPlugin,dokkaJavadocRuntime,dokkaJekyllPartialPlugin,dokkaJekyllPartialRuntime,dokkaJekyllPlugin,dokkaJekyllRuntime
com.fasterxml.jackson:jackson-bom:2.12.7=dokkaGfmPartialPlugin,dokkaGfmPartialRuntime,dokkaGfmPlugin,dokkaGfmRuntime,dokkaHtmlPartialPlugin,dokkaHtmlPartialRuntime,dokkaHtmlPlugin,dokkaHtmlRuntime,dokkaJavadocPartialPlugin,dokkaJavadocPartialRuntime,dokkaJavadocPlugin,dokkaJavadocRuntime,dokkaJekyllPartialPlugin,dokkaJekyllPartialRuntime,dokkaJekyllPlugin,dokkaJekyllRuntime
com.fasterxml.woodstox:woodstox-core:6.2.4=dokkaGfmPartialRuntime,dokkaGfmRuntime,dokkaHtmlPartialRuntime,dokkaHtmlRuntime,dokkaJavadocPartialRuntime,dokkaJavadocRuntime,dokkaJekyllPartialRuntime,dokkaJekyllRuntime
io.github.davidburstrom.contester:contester-breakpoint:0.2.0=detekt
io.github.detekt.sarif4k:sarif4k-jvm:0.4.0=detekt
io.github.detekt.sarif4k:sarif4k:0.4.0=detekt
io.gitlab.arturbosch.detekt:detekt-api:1.23.1=detekt
io.gitlab.arturbosch.detekt:detekt-cli:1.23.1=detekt
io.gitlab.arturbosch.detekt:detekt-core:1.23.1=detekt
io.gitlab.arturbosch.detekt:detekt-metrics:1.23.1=detekt
io.gitlab.arturbosch.detekt:detekt-parser:1.23.1=detekt
io.gitlab.arturbosch.detekt:detekt-psi-utils:1.23.1=detekt
io.gitlab.arturbosch.detekt:detekt-report-html:1.23.1=detekt
io.gitlab.arturbosch.detekt:detekt-report-md:1.23.1=detekt
io.gitlab.arturbosch.detekt:detekt-report-sarif:1.23.1=detekt
io.gitlab.arturbosch.detekt:detekt-report-txt:1.23.1=detekt
io.gitlab.arturbosch.detekt:detekt-report-xml:1.23.1=detekt
io.gitlab.arturbosch.detekt:detekt-rules-complexity:1.23.1=detekt
io.gitlab.arturbosch.detekt:detekt-rules-coroutines:1.23.1=detekt
io.gitlab.arturbosch.detekt:detekt-rules-documentation:1.23.1=detekt
io.gitlab.arturbosch.detekt:detekt-rules-empty:1.23.1=detekt
io.gitlab.arturbosch.detekt:detekt-rules-errorprone:1.23.1=detekt
io.gitlab.arturbosch.detekt:detekt-rules-exceptions:1.23.1=detekt
io.gitlab.arturbosch.detekt:detekt-rules-naming:1.23.1=detekt
io.gitlab.arturbosch.detekt:detekt-rules-performance:1.23.1=detekt
io.gitlab.arturbosch.detekt:detekt-rules-style:1.23.1=detekt
io.gitlab.arturbosch.detekt:detekt-rules:1.23.1=detekt
io.gitlab.arturbosch.detekt:detekt-tooling:1.23.1=detekt
io.gitlab.arturbosch.detekt:detekt-utils:1.23.1=detekt
jakarta.activation:jakarta.activation-api:1.2.1=dokkaGfmPartialRuntime,dokkaGfmRuntime,dokkaHtmlPartialRuntime,dokkaHtmlRuntime,dokkaJavadocPartialRuntime,dokkaJavadocRuntime,dokkaJekyllPartialRuntime,dokkaJekyllRuntime
jakarta.xml.bind:jakarta.xml.bind-api:2.3.2=dokkaGfmPartialRuntime,dokkaGfmRuntime,dokkaHtmlPartialRuntime,dokkaHtmlRuntime,dokkaJavadocPartialRuntime,dokkaJavadocRuntime,dokkaJekyllPartialRuntime,dokkaJekyllRuntime
junit:junit:4.13.2=jvmTestCompileClasspath,jvmTestRuntimeClasspath,testCompileClasspath,testRuntimeClasspath
org.codehaus.woodstox:stax2-api:4.2.1=dokkaGfmPartialRuntime,dokkaGfmRuntime,dokkaHtmlPartialRuntime,dokkaHtmlRuntime,dokkaJavadocPartialRuntime,dokkaJavadocRuntime,dokkaJekyllPartialRuntime,dokkaJekyllRuntime
org.freemarker:freemarker:2.3.31=dokkaGfmPartialPlugin,dokkaGfmPlugin,dokkaHtmlPartialPlugin,dokkaHtmlPlugin,dokkaJavadocPartialPlugin,dokkaJavadocPlugin,dokkaJekyllPartialPlugin,dokkaJekyllPlugin
org.freemarker:freemarker:2.3.32=koverJvmReporter
org.hamcrest:hamcrest-core:1.3=jvmTestCompileClasspath,jvmTestRuntimeClasspath,testCompileClasspath,testRuntimeClasspath
org.jetbrains.dokka:analysis-kotlin-descriptors:1.9.0=dokkaGfmPartialPlugin,dokkaGfmPlugin,dokkaHtmlPartialPlugin,dokkaHtmlPlugin,dokkaJavadocPartialPlugin,dokkaJavadocPlugin,dokkaJekyllPartialPlugin,dokkaJekyllPlugin
org.jetbrains.dokka:analysis-markdown:1.9.0=dokkaGfmPartialPlugin,dokkaGfmPlugin,dokkaHtmlPartialPlugin,dokkaHtmlPlugin,dokkaJavadocPartialPlugin,dokkaJavadocPlugin,dokkaJekyllPartialPlugin,dokkaJekyllPlugin
org.jetbrains.dokka:dokka-base:1.9.0=dokkaGfmPartialPlugin,dokkaGfmPlugin,dokkaHtmlPartialPlugin,dokkaHtmlPlugin,dokkaJavadocPartialPlugin,dokkaJavadocPlugin,dokkaJekyllPartialPlugin,dokkaJekyllPlugin
org.jetbrains.dokka:dokka-core:1.9.0=dokkaGfmPartialRuntime,dokkaGfmRuntime,dokkaHtmlPartialRuntime,dokkaHtmlRuntime,dokkaJavadocPartialRuntime,dokkaJavadocRuntime,dokkaJekyllPartialRuntime,dokkaJekyllRuntime
org.jetbrains.intellij.deps:coverage-report:1.0.21=koverJvmReporter
org.jetbrains.intellij.deps:intellij-coverage-agent:1.0.724=koverJvmAgent,koverJvmReporter
org.jetbrains.intellij.deps:intellij-coverage-reporter:1.0.724=koverJvmReporter
org.jetbrains.intellij.deps:trove4j:1.0.20200330=detekt,kotlinCompilerClasspath,kotlinKlibCommonizerClasspath
org.jetbrains.kotlin:kotlin-build-tools-api:1.9.0=kotlinBuildToolsApiClasspath
org.jetbrains.kotlin:kotlin-build-tools-impl:1.9.0=kotlinBuildToolsApiClasspath
org.jetbrains.kotlin:kotlin-compiler-embeddable:1.9.0=detekt,kotlinCompilerClasspath,kotlinKlibCommonizerClasspath
org.jetbrains.kotlin:kotlin-daemon-embeddable:1.9.0=detekt,kotlinCompilerClasspath,kotlinKlibCommonizerClasspath
org.jetbrains.kotlin:kotlin-dom-api-compat:1.9.0=allSourceSetsCompileDependenciesMetadata,jsCompileClasspath,jsMainApiDependenciesMetadata,jsMainCompileOnlyDependenciesMetadata,jsMainImplementationDependenciesMetadata,jsMainResolvableDependenciesMetadata,jsNpmAggregated,jsRuntimeClasspath,jsTestApiDependenciesMetadata,jsTestCompileClasspath,jsTestCompileOnlyDependenciesMetadata,jsTestImplementationDependenciesMetadata,jsTestNpmAggregated,jsTestResolvableDependenciesMetadata,jsTestRuntimeClasspath
org.jetbrains.kotlin:kotlin-klib-commonizer-embeddable:1.9.0=kotlinKlibCommonizerClasspath
org.jetbrains.kotlin:kotlin-reflect:1.6.10=kotlinCompilerClasspath,kotlinKlibCommonizerClasspath
org.jetbrains.kotlin:kotlin-reflect:1.9.0=detekt,dokkaGfmPartialPlugin,dokkaGfmPartialRuntime,dokkaGfmPlugin,dokkaGfmRuntime,dokkaHtmlPartialPlugin,dokkaHtmlPartialRuntime,dokkaHtmlPlugin,dokkaHtmlRuntime,dokkaJavadocPartialPlugin,dokkaJavadocPartialRuntime,dokkaJavadocPlugin,dokkaJavadocRuntime,dokkaJekyllPartialPlugin,dokkaJekyllPartialRuntime,dokkaJekyllPlugin,dokkaJekyllRuntime
org.jetbrains.kotlin:kotlin-script-runtime:1.9.0=detekt,kotlinCompilerClasspath,kotlinCompilerPluginClasspathJsMain,kotlinCompilerPluginClasspathJsTest,kotlinCompilerPluginClasspathJvmMain,kotlinCompilerPluginClasspathJvmTest,kotlinCompilerPluginClasspathMetadataCommonMain,kotlinCompilerPluginClasspathMetadataMain,kotlinKlibCommonizerClasspath
org.jetbrains.kotlin:kotlin-scripting-common:1.9.0=kotlinCompilerPluginClasspathJsMain,kotlinCompilerPluginClasspathJsTest,kotlinCompilerPluginClasspathJvmMain,kotlinCompilerPluginClasspathJvmTest,kotlinCompilerPluginClasspathMetadataCommonMain,kotlinCompilerPluginClasspathMetadataMain
org.jetbrains.kotlin:kotlin-scripting-compiler-embeddable:1.9.0=kotlinCompilerPluginClasspathJsMain,kotlinCompilerPluginClasspathJsTest,kotlinCompilerPluginClasspathJvmMain,kotlinCompilerPluginClasspathJvmTest,kotlinCompilerPluginClasspathMetadataCommonMain,kotlinCompilerPluginClasspathMetadataMain
org.jetbrains.kotlin:kotlin-scripting-compiler-impl-embeddable:1.9.0=kotlinCompilerPluginClasspathJsMain,kotlinCompilerPluginClasspathJsTest,kotlinCompilerPluginClasspathJvmMain,kotlinCompilerPluginClasspathJvmTest,kotlinCompilerPluginClasspathMetadataCommonMain,kotlinCompilerPluginClasspathMetadataMain
org.jetbrains.kotlin:kotlin-scripting-jvm:1.9.0=kotlinCompilerPluginClasspathJsMain,kotlinCompilerPluginClasspathJsTest,kotlinCompilerPluginClasspathJvmMain,kotlinCompilerPluginClasspathJvmTest,kotlinCompilerPluginClasspathMetadataCommonMain,kotlinCompilerPluginClasspathMetadataMain
org.jetbrains.kotlin:kotlin-stdlib-common:1.9.0=allSourceSetsCompileDependenciesMetadata,commonMainApiDependenciesMetadata,commonMainCompileOnlyDependenciesMetadata,commonMainImplementationDependenciesMetadata,commonMainResolvableDependenciesMetadata,commonTestApiDependenciesMetadata,commonTestCompileOnlyDependenciesMetadata,commonTestImplementationDependenciesMetadata,commonTestResolvableDependenciesMetadata,compileClasspath,detekt,dokkaGfmPartialPlugin,dokkaGfmPartialRuntime,dokkaGfmPlugin,dokkaGfmRuntime,dokkaHtmlPartialPlugin,dokkaHtmlPartialRuntime,dokkaHtmlPlugin,dokkaHtmlRuntime,dokkaJavadocPartialPlugin,dokkaJavadocPartialRuntime,dokkaJavadocPlugin,dokkaJavadocRuntime,dokkaJekyllPartialPlugin,dokkaJekyllPartialRuntime,dokkaJekyllPlugin,dokkaJekyllRuntime,iosArm64CompilationApi,iosArm64MainResolvableDependenciesMetadata,iosArm64TestResolvableDependenciesMetadata,iosMainApiDependenciesMetadata,iosMainCompileOnlyDependenciesMetadata,iosMainImplementationDependenciesMetadata,iosMainResolvableDependenciesMetadata,iosSimulatorArm64CompilationApi,iosSimulatorArm64MainResolvableDependenciesMetadata,iosSimulatorArm64TestResolvableDependenciesMetadata,iosTestApiDependenciesMetadata,iosTestCompileOnlyDependenciesMetadata,iosTestImplementationDependenciesMetadata,iosTestResolvableDependenciesMetadata,iosX64CompilationApi,iosX64MainResolvableDependenciesMetadata,iosX64TestResolvableDependenciesMetadata,jsMainResolvableDependenciesMetadata,jsNpmAggregated,jsTestNpmAggregated,jsTestResolvableDependenciesMetadata,jvmMainResolvableDependenciesMetadata,jvmTestResolvableDependenciesMetadata,kotlinBuildToolsApiClasspath,kotlinCompilerClasspath,kotlinCompilerPluginClasspathJsMain,kotlinCompilerPluginClasspathJsTest,kotlinCompilerPluginClasspathJvmMain,kotlinCompilerPluginClasspathJvmTest,kotlinCompilerPluginClasspathMetadataCommonMain,kotlinCompilerPluginClasspathMetadataMain,kotlinKlibCommonizerClasspath,linuxX64CompilationApi,linuxX64MainResolvableDependenciesMetadata,linuxX64TestResolvableDependenciesMetadata,macosArm64CompilationApi,macosArm64MainResolvableDependenciesMetadata,macosArm64TestResolvableDependenciesMetadata,macosX64CompilationApi,macosX64MainResolvableDependenciesMetadata,macosX64TestResolvableDependenciesMetadata,metadataCommonMainCompileClasspath,metadataCompileClasspath,metadataIosMainCompileClasspath,metadataNativeMainCompileClasspath,metadataTvosMainCompileClasspath,metadataWatchosDeviceMainCompileClasspath,metadataWatchosMainCompileClasspath,mingwX64CompilationApi,mingwX64MainResolvableDependenciesMetadata,mingwX64TestResolvableDependenciesMetadata,nativeMainApiDependenciesMetadata,nativeMainCompileOnlyDependenciesMetadata,nativeMainImplementationDependenciesMetadata,nativeMainResolvableDependenciesMetadata,nativeTestApiDependenciesMetadata,nativeTestCompileOnlyDependenciesMetadata,nativeTestImplementationDependenciesMetadata,nativeTestResolvableDependenciesMetadata,runtimeClasspath,testCompileClasspath,testRuntimeClasspath,tvosArm64CompilationApi,tvosArm64MainResolvableDependenciesMetadata,tvosArm64TestResolvableDependenciesMetadata,tvosMainApiDependenciesMetadata,tvosMainCompileOnlyDependenciesMetadata,tvosMainImplementationDependenciesMetadata,tvosMainResolvableDependenciesMetadata,tvosSimulatorArm64CompilationApi,tvosSimulatorArm64MainResolvableDependenciesMetadata,tvosSimulatorArm64TestResolvableDependenciesMetadata,tvosTestApiDependenciesMetadata,tvosTestCompileOnlyDependenciesMetadata,tvosTestImplementationDependenciesMetadata,tvosTestResolvableDependenciesMetadata,tvosX64CompilationApi,tvosX64MainResolvableDependenciesMetadata,tvosX64TestResolvableDependenciesMetadata,watchosArm32CompilationApi,watchosArm32MainResolvableDependenciesMetadata,watchosArm32TestResolvableDependenciesMetadata,watchosArm64CompilationApi,watchosArm64MainResolvableDependenciesMetadata,watchosArm64TestResolvableDependenciesMetadata,watchosDeviceMainApiDependenciesMetadata,watchosDeviceMainCompileOnlyDependenciesMetadata,watchosDeviceMainImplementationDependenciesMetadata,watchosDeviceMainResolvableDependenciesMetadata,watchosDeviceTestApiDependenciesMetadata,watchosDeviceTestCompileOnlyDependenciesMetadata,watchosDeviceTestImplementationDependenciesMetadata,watchosDeviceTestResolvableDependenciesMetadata,watchosMainApiDependenciesMetadata,watchosMainCompileOnlyDependenciesMetadata,watchosMainImplementationDependenciesMetadata,watchosMainResolvableDependenciesMetadata,watchosSimulatorArm64CompilationApi,watchosSimulatorArm64MainResolvableDependenciesMetadata,watchosSimulatorArm64TestResolvableDependenciesMetadata,watchosTestApiDependenciesMetadata,watchosTestCompileOnlyDependenciesMetadata,watchosTestImplementationDependenciesMetadata,watchosTestResolvableDependenciesMetadata,watchosX64CompilationApi,watchosX64MainResolvableDependenciesMetadata,watchosX64TestResolvableDependenciesMetadata
org.jetbrains.kotlin:kotlin-stdlib-jdk7:1.9.0=allSourceSetsCompileDependenciesMetadata,compileClasspath,detekt,dokkaGfmPartialPlugin,dokkaGfmPartialRuntime,dokkaGfmPlugin,dokkaGfmRuntime,dokkaHtmlPartialPlugin,dokkaHtmlPartialRuntime,dokkaHtmlPlugin,dokkaHtmlRuntime,dokkaJavadocPartialPlugin,dokkaJavadocPartialRuntime,dokkaJavadocPlugin,dokkaJavadocRuntime,dokkaJekyllPartialPlugin,dokkaJekyllPartialRuntime,dokkaJekyllPlugin,dokkaJekyllRuntime,jvmCompileClasspath,jvmMainApiDependenciesMetadata,jvmMainCompileOnlyDependenciesMetadata,jvmMainImplementationDependenciesMetadata,jvmMainResolvableDependenciesMetadata,jvmRuntimeClasspath,jvmTestApiDependenciesMetadata,jvmTestCompileClasspath,jvmTestCompileOnlyDependenciesMetadata,jvmTestImplementationDependenciesMetadata,jvmTestResolvableDependenciesMetadata,jvmTestRuntimeClasspath,runtimeClasspath,testCompileClasspath,testRuntimeClasspath
org.jetbrains.kotlin:kotlin-stdlib-jdk8:1.9.0=allSourceSetsCompileDependenciesMetadata,compileClasspath,detekt,dokkaGfmPartialPlugin,dokkaGfmPartialRuntime,dokkaGfmPlugin,dokkaGfmRuntime,dokkaHtmlPartialPlugin,dokkaHtmlPartialRuntime,dokkaHtmlPlugin,dokkaHtmlRuntime,dokkaJavadocPartialPlugin,dokkaJavadocPartialRuntime,dokkaJavadocPlugin,dokkaJavadocRuntime,dokkaJekyllPartialPlugin,dokkaJekyllPartialRuntime,dokkaJekyllPlugin,dokkaJekyllRuntime,jvmCompileClasspath,jvmMainApiDependenciesMetadata,jvmMainCompileOnlyDependenciesMetadata,jvmMainImplementationDependenciesMetadata,jvmMainResolvableDependenciesMetadata,jvmRuntimeClasspath,jvmTestApiDependenciesMetadata,jvmTestCompileClasspath,jvmTestCompileOnlyDependenciesMetadata,jvmTestImplementationDependenciesMetadata,jvmTestResolvableDependenciesMetadata,jvmTestRuntimeClasspath,runtimeClasspath,testCompileClasspath,testRuntimeClasspath
org.jetbrains.kotlin:kotlin-stdlib-js:1.9.0=allSourceSetsCompileDependenciesMetadata,jsCompileClasspath,jsMainApiDependenciesMetadata,jsMainCompileOnlyDependenciesMetadata,jsMainImplementationDependenciesMetadata,jsMainResolvableDependenciesMetadata,jsNpmAggregated,jsRuntimeClasspath,jsTestApiDependenciesMetadata,jsTestCompileClasspath,jsTestCompileOnlyDependenciesMetadata,jsTestImplementationDependenciesMetadata,jsTestNpmAggregated,jsTestResolvableDependenciesMetadata,jsTestRuntimeClasspath
org.jetbrains.kotlin:kotlin-stdlib:1.9.0=allSourceSetsCompileDependenciesMetadata,compileClasspath,detekt,dokkaGfmPartialPlugin,dokkaGfmPartialRuntime,dokkaGfmPlugin,dokkaGfmRuntime,dokkaHtmlPartialPlugin,dokkaHtmlPartialRuntime,dokkaHtmlPlugin,dokkaHtmlRuntime,dokkaJavadocPartialPlugin,dokkaJavadocPartialRuntime,dokkaJavadocPlugin,dokkaJavadocRuntime,dokkaJekyllPartialPlugin,dokkaJekyllPartialRuntime,dokkaJekyllPlugin,dokkaJekyllRuntime,jvmCompileClasspath,jvmMainApiDependenciesMetadata,jvmMainCompileOnlyDependenciesMetadata,jvmMainImplementationDependenciesMetadata,jvmMainResolvableDependenciesMetadata,jvmRuntimeClasspath,jvmTestApiDependenciesMetadata,jvmTestCompileClasspath,jvmTestCompileOnlyDependenciesMetadata,jvmTestImplementationDependenciesMetadata,jvmTestResolvableDependenciesMetadata,jvmTestRuntimeClasspath,kotlinBuildToolsApiClasspath,kotlinCompilerClasspath,kotlinCompilerPluginClasspathJsMain,kotlinCompilerPluginClasspathJsTest,kotlinCompilerPluginClasspathJvmMain,kotlinCompilerPluginClasspathJvmTest,kotlinCompilerPluginClasspathMetadataCommonMain,kotlinCompilerPluginClasspathMetadataMain,kotlinKlibCommonizerClasspath,runtimeClasspath,testCompileClasspath,testRuntimeClasspath
org.jetbrains.kotlin:kotlin-test-annotations-common:1.9.0=allSourceSetsCompileDependenciesMetadata,jvmTestResolvableDependenciesMetadata
org.jetbrains.kotlin:kotlin-test-common:1.9.0=allSourceSetsCompileDependenciesMetadata,jvmTestResolvableDependenciesMetadata
org.jetbrains.kotlin:kotlin-test-js-runner:1.9.0=jsNpmAggregated,jsTestNpmAggregated
org.jetbrains.kotlin:kotlin-test-junit:1.9.0=jvmTestCompileClasspath,jvmTestRuntimeClasspath,testCompileClasspath,testRuntimeClasspath
org.jetbrains.kotlin:kotlin-test:1.9.0=allSourceSetsCompileDependenciesMetadata,jvmTestApiDependenciesMetadata,jvmTestCompileClasspath,jvmTestCompileOnlyDependenciesMetadata,jvmTestImplementationDependenciesMetadata,jvmTestResolvableDependenciesMetadata,jvmTestRuntimeClasspath,testCompileClasspath,testRuntimeClasspath
org.jetbrains.kotlinx:kotlinx-coroutines-bom:1.6.3=dokkaGfmPartialPlugin,dokkaGfmPartialRuntime,dokkaGfmPlugin,dokkaGfmRuntime,dokkaHtmlPartialPlugin,dokkaHtmlPartialRuntime,dokkaHtmlPlugin,dokkaHtmlRuntime,dokkaJavadocPartialPlugin,dokkaJavadocPartialRuntime,dokkaJavadocPlugin,dokkaJavadocRuntime,dokkaJekyllPartialPlugin,dokkaJekyllPartialRuntime,dokkaJekyllPlugin,dokkaJekyllRuntime
org.jetbrains.kotlinx:kotlinx-coroutines-core-jvm:1.6.3=dokkaGfmPartialPlugin,dokkaGfmPartialRuntime,dokkaGfmPlugin,dokkaGfmRuntime,dokkaHtmlPartialPlugin,dokkaHtmlPartialRuntime,dokkaHtmlPlugin,dokkaHtmlRuntime,dokkaJavadocPartialPlugin,dokkaJavadocPartialRuntime,dokkaJavadocPlugin,dokkaJavadocRuntime,dokkaJekyllPartialPlugin,dokkaJekyllPartialRuntime,dokkaJekyllPlugin,dokkaJekyllRuntime
org.jetbrains.kotlinx:kotlinx-coroutines-core:1.6.3=dokkaGfmPartialPlugin,dokkaGfmPartialRuntime,dokkaGfmPlugin,dokkaGfmRuntime,dokkaHtmlPartialPlugin,dokkaHtmlPartialRuntime,dokkaHtmlPlugin,dokkaHtmlRuntime,dokkaJavadocPartialPlugin,dokkaJavadocPartialRuntime,dokkaJavadocPlugin,dokkaJavadocRuntime,dokkaJekyllPartialPlugin,dokkaJekyllPartialRuntime,dokkaJekyllPlugin,dokkaJekyllRuntime
org.jetbrains.kotlinx:kotlinx-html-jvm:0.7.5=dokkaGfmPartialPlugin,dokkaGfmPlugin,dokkaHtmlPartialPlugin,dokkaHtmlPlugin,dokkaJavadocPartialPlugin,dokkaJavadocPlugin,dokkaJekyllPartialPlugin,dokkaJekyllPlugin
org.jetbrains.kotlinx:kotlinx-html-jvm:0.8.1=detekt
org.jetbrains.kotlinx:kotlinx-serialization-core-jvm:1.4.1=detekt
org.jetbrains.kotlinx:kotlinx-serialization-core:1.4.1=detekt
org.jetbrains.kotlinx:kotlinx-serialization-json-jvm:1.4.1=detekt
org.jetbrains.kotlinx:kotlinx-serialization-json:1.4.1=detekt
org.jetbrains:annotations:13.0=allSourceSetsCompileDependenciesMetadata,compileClasspath,detekt,dokkaGfmPartialPlugin,dokkaGfmPartialRuntime,dokkaGfmPlugin,dokkaGfmRuntime,dokkaHtmlPartialPlugin,dokkaHtmlPartialRuntime,dokkaHtmlPlugin,dokkaHtmlRuntime,dokkaJavadocPartialPlugin,dokkaJavadocPartialRuntime,dokkaJavadocPlugin,dokkaJavadocRuntime,dokkaJekyllPartialPlugin,dokkaJekyllPartialRuntime,dokkaJekyllPlugin,dokkaJekyllRuntime,jvmCompileClasspath,jvmMainApiDependenciesMetadata,jvmMainCompileOnlyDependenciesMetadata,jvmMainImplementationDependenciesMetadata,jvmMainResolvableDependenciesMetadata,jvmRuntimeClasspath,jvmTestApiDependenciesMetadata,jvmTestCompileClasspath,jvmTestCompileOnlyDependenciesMetadata,jvmTestImplementationDependenciesMetadata,jvmTestResolvableDependenciesMetadata,jvmTestRuntimeClasspath,kotlinBuildToolsApiClasspath,kotlinCompilerClasspath,kotlinCompilerPluginClasspathJsMain,kotlinCompilerPluginClasspathJsTest,kotlinCompilerPluginClasspathJvmMain,kotlinCompilerPluginClasspathJvmTest,kotlinCompilerPluginClasspathMetadataCommonMain,kotlinCompilerPluginClasspathMetadataMain,kotlinKlibCommonizerClasspath,runtimeClasspath,testCompileClasspath,testRuntimeClasspath
org.jetbrains:annotations:16.0.2=koverJvmReporter
org.jetbrains:markdown-jvm:0.3.1=dokkaGfmPartialPlugin,dokkaGfmPlugin,dokkaHtmlPartialPlugin,dokkaHtmlPlugin,dokkaJavadocPartialPlugin,dokkaJavadocPlugin,dokkaJekyllPartialPlugin,dokkaJekyllPlugin
org.jetbrains:markdown:0.3.1=dokkaGfmPartialPlugin,dokkaGfmPlugin,dokkaHtmlPartialPlugin,dokkaHtmlPlugin,dokkaJavadocPartialPlugin,dokkaJavadocPlugin,dokkaJekyllPartialPlugin,dokkaJekyllPlugin
org.jsoup:jsoup:1.15.3=dokkaGfmPartialPlugin,dokkaGfmPlugin,dokkaHtmlPartialPlugin,dokkaHtmlPlugin,dokkaJavadocPartialPlugin,dokkaJavadocPlugin,dokkaJekyllPartialPlugin,dokkaJekyllPlugin
org.snakeyaml:snakeyaml-engine:2.6=detekt
empty=annotationProcessor,commonMainIntransitiveDependenciesMetadata,commonTestIntransitiveDependenciesMetadata,detektPlugins,dokkaPlugin,dokkaRuntime,iosArm64CompilationDependenciesMetadata,iosArm64CompileKlibraries,iosArm64MainApiDependenciesMetadata,iosArm64MainCompileOnlyDependenciesMetadata,iosArm64MainImplementationDependenciesMetadata,iosArm64MainIntransitiveDependenciesMetadata,iosArm64TestApiDependenciesMetadata,iosArm64TestCompilationApi,iosArm64TestCompilationDependenciesMetadata,iosArm64TestCompileKlibraries,iosArm64TestCompileOnlyDependenciesMetadata,iosArm64TestImplementationDependenciesMetadata,iosArm64TestIntransitiveDependenciesMetadata,iosMainIntransitiveDependenciesMetadata,iosSimulatorArm64CompilationDependenciesMetadata,iosSimulatorArm64CompileKlibraries,iosSimulatorArm64MainApiDependenciesMetadata,iosSimulatorArm64MainCompileOnlyDependenciesMetadata,iosSimulatorArm64MainImplementationDependenciesMetadata,iosSimulatorArm64MainIntransitiveDependenciesMetadata,iosSimulatorArm64TestApiDependenciesMetadata,iosSimulatorArm64TestCompilationApi,iosSimulatorArm64TestCompilationDependenciesMetadata,iosSimulatorArm64TestCompileKlibraries,iosSimulatorArm64TestCompileOnlyDependenciesMetadata,iosSimulatorArm64TestImplementationDependenciesMetadata,iosSimulatorArm64TestIntransitiveDependenciesMetadata,iosTestIntransitiveDependenciesMetadata,iosX64CompilationDependenciesMetadata,iosX64CompileKlibraries,iosX64MainApiDependenciesMetadata,iosX64MainCompileOnlyDependenciesMetadata,iosX64MainImplementationDependenciesMetadata,iosX64MainIntransitiveDependenciesMetadata,iosX64TestApiDependenciesMetadata,iosX64TestCompilationApi,iosX64TestCompilationDependenciesMetadata,iosX64TestCompileKlibraries,iosX64TestCompileOnlyDependenciesMetadata,iosX64TestImplementationDependenciesMetadata,iosX64TestIntransitiveDependenciesMetadata,jsMainIntransitiveDependenciesMetadata,jsTestIntransitiveDependenciesMetadata,jvmMainIntransitiveDependenciesMetadata,jvmTestIntransitiveDependenciesMetadata,kotlinCompilerPluginClasspath,kotlinCompilerPluginClasspathIosArm64Main,kotlinCompilerPluginClasspathIosArm64Test,kotlinCompilerPluginClasspathIosSimulatorArm64Main,kotlinCompilerPluginClasspathIosSimulatorArm64Test,kotlinCompilerPluginClasspathIosX64Main,kotlinCompilerPluginClasspathIosX64Test,kotlinCompilerPluginClasspathLinuxX64Main,kotlinCompilerPluginClasspathLinuxX64Test,kotlinCompilerPluginClasspathMacosArm64Main,kotlinCompilerPluginClasspathMacosArm64Test,kotlinCompilerPluginClasspathMacosX64Main,kotlinCompilerPluginClasspathMacosX64Test,kotlinCompilerPluginClasspathMetadataIosMain,kotlinCompilerPluginClasspathMetadataNativeMain,kotlinCompilerPluginClasspathMetadataTvosMain,kotlinCompilerPluginClasspathMetadataWatchosDeviceMain,kotlinCompilerPluginClasspathMetadataWatchosMain,kotlinCompilerPluginClasspathMingwX64Main,kotlinCompilerPluginClasspathMingwX64Test,kotlinCompilerPluginClasspathTvosArm64Main,kotlinCompilerPluginClasspathTvosArm64Test,kotlinCompilerPluginClasspathTvosSimulatorArm64Main,kotlinCompilerPluginClasspathTvosSimulatorArm64Test,kotlinCompilerPluginClasspathTvosX64Main,kotlinCompilerPluginClasspathTvosX64Test,kotlinCompilerPluginClasspathWatchosArm32Main,kotlinCompilerPluginClasspathWatchosArm32Test,kotlinCompilerPluginClasspathWatchosArm64Main,kotlinCompilerPluginClasspathWatchosArm64Test,kotlinCompilerPluginClasspathWatchosSimulatorArm64Main,kotlinCompilerPluginClasspathWatchosSimulatorArm64Test,kotlinCompilerPluginClasspathWatchosX64Main,kotlinCompilerPluginClasspathWatchosX64Test,kotlinNativeCompilerPluginClasspath,kotlinScriptDef,kotlinScriptDefExtensions,koverExternalArtifacts,linuxX64CompilationDependenciesMetadata,linuxX64CompileKlibraries,linuxX64MainApiDependenciesMetadata,linuxX64MainCompileOnlyDependenciesMetadata,linuxX64MainImplementationDependenciesMetadata,linuxX64MainIntransitiveDependenciesMetadata,linuxX64TestApiDependenciesMetadata,linuxX64TestCompilationApi,linuxX64TestCompilationDependenciesMetadata,linuxX64TestCompileKlibraries,linuxX64TestCompileOnlyDependenciesMetadata,linuxX64TestImplementationDependenciesMetadata,linuxX64TestIntransitiveDependenciesMetadata,macosArm64CompilationDependenciesMetadata,macosArm64CompileKlibraries,macosArm64MainApiDependenciesMetadata,macosArm64MainCompileOnlyDependenciesMetadata,macosArm64MainImplementationDependenciesMetadata,macosArm64MainIntransitiveDependenciesMetadata,macosArm64TestApiDependenciesMetadata,macosArm64TestCompilationApi,macosArm64TestCompilationDependenciesMetadata,macosArm64TestCompileKlibraries,macosArm64TestCompileOnlyDependenciesMetadata,macosArm64TestImplementationDependenciesMetadata,macosArm64TestIntransitiveDependenciesMetadata,macosX64CompilationDependenciesMetadata,macosX64CompileKlibraries,macosX64MainApiDependenciesMetadata,macosX64MainCompileOnlyDependenciesMetadata,macosX64MainImplementationDependenciesMetadata,macosX64MainIntransitiveDependenciesMetadata,macosX64TestApiDependenciesMetadata,macosX64TestCompilationApi,macosX64TestCompilationDependenciesMetadata,macosX64TestCompileKlibraries,macosX64TestCompileOnlyDependenciesMetadata,macosX64TestImplementationDependenciesMetadata,macosX64TestIntransitiveDependenciesMetadata,mingwX64CompilationDependenciesMetadata,mingwX64CompileKlibraries,mingwX64MainApiDependenciesMetadata,mingwX64MainCompileOnlyDependenciesMetadata,mingwX64MainImplementationDependenciesMetadata,mingwX64MainIntransitiveDependenciesMetadata,mingwX64TestApiDependenciesMetadata,mingwX64TestCompilationApi,mingwX64TestCompilationDependenciesMetadata,mingwX64TestCompileKlibraries,mingwX64TestCompileOnlyDependenciesMetadata,mingwX64TestImplementationDependenciesMetadata,mingwX64TestIntransitiveDependenciesMetadata,nativeMainIntransitiveDependenciesMetadata,nativeTestIntransitiveDependenciesMetadata,testAnnotationProcessor,testKotlinScriptDef,testKotlinScriptDefExtensions,tvosArm64CompilationDependenciesMetadata,tvosArm64CompileKlibraries,tvosArm64MainApiDependenciesMetadata,tvosArm64MainCompileOnlyDependenciesMetadata,tvosArm64MainImplementationDependenciesMetadata,tvosArm64MainIntransitiveDependenciesMetadata,tvosArm64TestApiDependenciesMetadata,tvosArm64TestCompilationApi,tvosArm64TestCompilationDependenciesMetadata,tvosArm64TestCompileKlibraries,tvosArm64TestCompileOnlyDependenciesMetadata,tvosArm64TestImplementationDependenciesMetadata,tvosArm64TestIntransitiveDependenciesMetadata,tvosMainIntransitiveDependenciesMetadata,tvosSimulatorArm64CompilationDependenciesMetadata,tvosSimulatorArm64CompileKlibraries,tvosSimulatorArm64MainApiDependenciesMetadata,tvosSimulatorArm64MainCompileOnlyDependenciesMetadata,tvosSimulatorArm64MainImplementationDependenciesMetadata,tvosSimulatorArm64MainIntransitiveDependenciesMetadata,tvosSimulatorArm64TestApiDependenciesMetadata,tvosSimulatorArm64TestCompilationApi,tvosSimulatorArm64TestCompilationDependenciesMetadata,tvosSimulatorArm64TestCompileKlibraries,tvosSimulatorArm64TestCompileOnlyDependenciesMetadata,tvosSimulatorArm64TestImplementationDependenciesMetadata,tvosSimulatorArm64TestIntransitiveDependenciesMetadata,tvosTestIntransitiveDependenciesMetadata,tvosX64CompilationDependenciesMetadata,tvosX64CompileKlibraries,tvosX64MainApiDependenciesMetadata,tvosX64MainCompileOnlyDependenciesMetadata,tvosX64MainImplementationDependenciesMetadata,tvosX64MainIntransitiveDependenciesMetadata,tvosX64TestApiDependenciesMetadata,tvosX64TestCompilationApi,tvosX64TestCompilationDependenciesMetadata,tvosX64TestCompileKlibraries,tvosX64TestCompileOnlyDependenciesMetadata,tvosX64TestImplementationDependenciesMetadata,tvosX64TestIntransitiveDependenciesMetadata,watchosArm32CompilationDependenciesMetadata,watchosArm32CompileKlibraries,watchosArm32MainApiDependenciesMetadata,watchosArm32MainCompileOnlyDependenciesMetadata,watchosArm32MainImplementationDependenciesMetadata,watchosArm32MainIntransitiveDependenciesMetadata,watchosArm32TestApiDependenciesMetadata,watchosArm32TestCompilationApi,watchosArm32TestCompilationDependenciesMetadata,watchosArm32TestCompileKlibraries,watchosArm32TestCompileOnlyDependenciesMetadata,watchosArm32TestImplementationDependenciesMetadata,watchosArm32TestIntransitiveDependenciesMetadata,watchosArm64CompilationDependenciesMetadata,watchosArm64CompileKlibraries,watchosArm64MainApiDependenciesMetadata,watchosArm64MainCompileOnlyDependenciesMetadata,watchosArm64MainImplementationDependenciesMetadata,watchosArm64MainIntransitiveDependenciesMetadata,watchosArm64TestApiDependenciesMetadata,watchosArm64TestCompilationApi,watchosArm64TestCompilationDependenciesMetadata,watchosArm64TestCompileKlibraries,watchosArm64TestCompileOnlyDependenciesMetadata,watchosArm64TestImplementationDependenciesMetadata,watchosArm64TestIntransitiveDependenciesMetadata,watchosDeviceMainIntransitiveDependenciesMetadata,watchosDeviceTestIntransitiveDependenciesMetadata,watchosMainIntransitiveDependenciesMetadata,watchosSimulatorArm64CompilationDependenciesMetadata,watchosSimulatorArm64CompileKlibraries,watchosSimulatorArm64MainApiDependenciesMetadata,watchosSimulatorArm64MainCompileOnlyDependenciesMetadata,watchosSimulatorArm64MainImplementationDependenciesMetadata,watchosSimulatorArm64MainIntransitiveDependenciesMetadata,watchosSimulatorArm64TestApiDependenciesMetadata,watchosSimulatorArm64TestCompilationApi,watchosSimulatorArm64TestCompilationDependenciesMetadata,watchosSimulatorArm64TestCompileKlibraries,watchosSimulatorArm64TestCompileOnlyDependenciesMetadata,watchosSimulatorArm64TestImplementationDependenciesMetadata,watchosSimulatorArm64TestIntransitiveDependenciesMetadata,watchosTestIntransitiveDependenciesMetadata,watchosX64CompilationDependenciesMetadata,watchosX64CompileKlibraries,watchosX64MainApiDependenciesMetadata,watchosX64MainCompileOnlyDependenciesMetadata,watchosX64MainImplementationDependenciesMetadata,watchosX64MainIntransitiveDependenciesMetadata,watchosX64TestApiDependenciesMetadata,watchosX64TestCompilationApi,watchosX64TestCompilationDependenciesMetadata,watchosX64TestCompileKlibraries,watchosX64TestCompileOnlyDependenciesMetadata,watchosX64TestImplementationDependenciesMetadata,watchosX64TestIntransitiveDependenciesMetadata
