# This is a Gradle generated file for dependency locking.
# Manual edits can break the build and are not advised.
# This file is expected to be part of source control.
com.beust:jcommander:1.82=detekt
com.fasterxml.jackson.core:jackson-annotations:2.12.7=dokkaGfmPartialPlugin,dokkaGfmPartialRuntime,dokkaGfmPlugin,dokkaGfmRuntime,dokkaHtmlPartialPlugin,dokkaHtmlPartialRuntime,dokkaHtmlPlugin,dokkaHtmlRuntime,dokkaJavadocPartialPlugin,dokkaJavadocPartialRuntime,dokkaJavadocPlugin,dokkaJavadocRuntime,dokkaJekyllPartialPlugin,dokkaJekyllPartialRuntime,dokkaJekyllPlugin,dokkaJekyllRuntime
com.fasterxml.jackson.core:jackson-core:2.12.7=dokkaGfmPartialPlugin,dokkaGfmPartialRuntime,dokkaGfmPlugin,dokkaGfmRuntime,dokkaHtmlPartialPlugin,dokkaHtmlPartialRuntime,dokkaHtmlPlugin,dokkaHtmlRuntime,dokkaJavadocPartialPlugin,dokkaJavadocPartialRuntime,dokkaJavadocPlugin,dokkaJavadocRuntime,dokkaJekyllPartialPlugin,dokkaJekyllPartialRuntime,dokkaJekyllPlugin,dokkaJekyllRuntime
com.fasterxml.jackson.core:jackson-databind:2.12.7.1=dokkaGfmPartialPlugin,dokkaGfmPartialRuntime,dokkaGfmPlugin,dokkaGfmRuntime,dokkaHtmlPartialPlugin,dokkaHtmlPartialRuntime,dokkaHtmlPlugin,dokkaHtmlRuntime,dokkaJavadocPartialPlugin,dokkaJavadocPartialRuntime,dokkaJavadocPlugin,dokkaJavadocRuntime,dokkaJekyllPartialPlugin,dokkaJekyllPartialRuntime,dokkaJekyllPlugin,dokkaJekyllRuntime
com.fasterxml.jackson.dataformat:jackson-dataformat-xml:2.12.7=dokkaGfmPartialRuntime,dokkaGfmRuntime,dokkaHtmlPartialRuntime,dokkaHtmlRuntime,dokkaJavadocPartialRuntime,dokkaJavadocRuntime,dokkaJekyllPartialRuntime,dokkaJekyllRuntime
com.fasterxml.jackson.module:jackson-module-jaxb-annotations:2.12.7=dokkaGfmPartialRuntime,dokkaGfmRuntime,dokkaHtmlPartialRuntime,dokkaHtmlRuntime,dokkaJavadocPartialRuntime,dokkaJavadocRuntime,dokkaJekyllPartialRuntime,dokkaJekyllRuntime
com.fasterxml.jackson.module:jackson-module-kotlin:2.12.7=dokkaGfmPartialPlugin,dokkaGfmPartialRuntime,dokkaGfmPlugin,dokkaGfmRuntime,dokkaHtmlPartialPlugin,dokkaHtmlPartialRuntime,dokkaHtmlPlugin,dokkaHtmlRuntime,dokkaJavadocPartialPlugin,dokkaJavadocPartialRuntime,dokkaJavadocPlugin,dokkaJavadocRuntime,dokkaJekyllPartialPlugin,dokkaJekyllPartialRuntime,dokkaJekyllPlugin,dokkaJekyllRuntime
com.fasterxml.jackson:jackson-bom:2.12.7=dokkaGfmPartialPlugin,dokkaGfmPartialRuntime,dokkaGfmPlugin,dokkaGfmRuntime,dokkaHtmlPartialPlugin,dokkaHtmlPartialRuntime,dokkaHtmlPlugin,dokkaHtmlRuntime,dokkaJavadocPartialPlugin,dokkaJavadocPartialRuntime,dokkaJavadocPlugin,dokkaJavadocRuntime,dokkaJekyllPartialPlugin,dokkaJekyllPartialRuntime,dokkaJekyllPlugin,dokkaJekyllRuntime
com.fasterxml.woodstox:woodstox-core:6.2.4=dokkaGfmPartialRuntime,dokkaGfmRuntime,dokkaHtmlPartialRuntime,dokkaHtmlRuntime,dokkaJavadocPartialRuntime,dokkaJavadocRuntime,dokkaJekyllPartialRuntime,dokkaJekyllRuntime
io.github.davidburstrom.contester:contester-breakpoint:0.2.0=detekt
io.github.detekt.sarif4k:sarif4k-jvm:0.4.0=detekt
io.github.detekt.sarif4k:sarif4k:0.4.0=detekt
io.gitlab.arturbosch.detekt:detekt-api:1.23.0=detekt
io.gitlab.arturbosch.detekt:detekt-cli:1.23.0=detekt
io.gitlab.arturbosch.detekt:detekt-core:1.23.0=detekt
io.gitlab.arturbosch.detekt:detekt-metrics:1.23.0=detekt
io.gitlab.arturbosch.detekt:detekt-parser:1.23.0=detekt
io.gitlab.arturbosch.detekt:detekt-psi-utils:1.23.0=detekt
io.gitlab.arturbosch.detekt:detekt-report-html:1.23.0=detekt
io.gitlab.arturbosch.detekt:detekt-report-md:1.23.0=detekt
io.gitlab.arturbosch.detekt:detekt-report-sarif:1.23.0=detekt
io.gitlab.arturbosch.detekt:detekt-report-txt:1.23.0=detekt
io.gitlab.arturbosch.detekt:detekt-report-xml:1.23.0=detekt
io.gitlab.arturbosch.detekt:detekt-rules-complexity:1.23.0=detekt
io.gitlab.arturbosch.detekt:detekt-rules-coroutines:1.23.0=detekt
io.gitlab.arturbosch.detekt:detekt-rules-documentation:1.23.0=detekt
io.gitlab.arturbosch.detekt:detekt-rules-empty:1.23.0=detekt
io.gitlab.arturbosch.detekt:detekt-rules-errorprone:1.23.0=detekt
io.gitlab.arturbosch.detekt:detekt-rules-exceptions:1.23.0=detekt
io.gitlab.arturbosch.detekt:detekt-rules-naming:1.23.0=detekt
io.gitlab.arturbosch.detekt:detekt-rules-performance:1.23.0=detekt
io.gitlab.arturbosch.detekt:detekt-rules-style:1.23.0=detekt
io.gitlab.arturbosch.detekt:detekt-rules:1.23.0=detekt
io.gitlab.arturbosch.detekt:detekt-tooling:1.23.0=detekt
io.gitlab.arturbosch.detekt:detekt-utils:1.23.0=detekt
jakarta.activation:jakarta.activation-api:1.2.1=dokkaGfmPartialRuntime,dokkaGfmRuntime,dokkaHtmlPartialRuntime,dokkaHtmlRuntime,dokkaJavadocPartialRuntime,dokkaJavadocRuntime,dokkaJekyllPartialRuntime,dokkaJekyllRuntime
jakarta.xml.bind:jakarta.xml.bind-api:2.3.2=dokkaGfmPartialRuntime,dokkaGfmRuntime,dokkaHtmlPartialRuntime,dokkaHtmlRuntime,dokkaJavadocPartialRuntime,dokkaJavadocRuntime,dokkaJekyllPartialRuntime,dokkaJekyllRuntime
net.java.dev.jna:jna:5.6.0=detekt,kotlinCompilerClasspath,kotlinKlibCommonizerClasspath
org.apiguardian:apiguardian-api:1.1.2=jvmTestApiDependenciesMetadata,jvmTestCompileClasspath,jvmTestCompileOnlyDependenciesMetadata,jvmTestImplementationDependenciesMetadata,jvmTestResolvableDependenciesMetadata,testCompileClasspath
org.codehaus.woodstox:stax2-api:4.2.1=dokkaGfmPartialRuntime,dokkaGfmRuntime,dokkaHtmlPartialRuntime,dokkaHtmlRuntime,dokkaJavadocPartialRuntime,dokkaJavadocRuntime,dokkaJekyllPartialRuntime,dokkaJekyllRuntime
org.freemarker:freemarker:2.3.30=koverJvmReporter
org.freemarker:freemarker:2.3.31=dokkaGfmPartialPlugin,dokkaGfmPlugin,dokkaHtmlPartialPlugin,dokkaHtmlPlugin,dokkaJavadocPartialPlugin,dokkaJavadocPlugin,dokkaJekyllPartialPlugin,dokkaJekyllPlugin
org.jetbrains.dokka:dokka-analysis:1.8.20=dokkaGfmPartialPlugin,dokkaGfmPlugin,dokkaHtmlPartialPlugin,dokkaHtmlPlugin,dokkaJavadocPartialPlugin,dokkaJavadocPlugin,dokkaJekyllPartialPlugin,dokkaJekyllPlugin
org.jetbrains.dokka:dokka-base:1.8.20=dokkaGfmPartialPlugin,dokkaGfmPlugin,dokkaHtmlPartialPlugin,dokkaHtmlPlugin,dokkaJavadocPartialPlugin,dokkaJavadocPlugin,dokkaJekyllPartialPlugin,dokkaJekyllPlugin
org.jetbrains.dokka:dokka-core:1.8.20=dokkaGfmPartialRuntime,dokkaGfmRuntime,dokkaHtmlPartialRuntime,dokkaHtmlRuntime,dokkaJavadocPartialRuntime,dokkaJavadocRuntime,dokkaJekyllPartialRuntime,dokkaJekyllRuntime
org.jetbrains.dokka:kotlin-analysis-compiler:1.8.20=dokkaGfmPartialPlugin,dokkaGfmPlugin,dokkaHtmlPartialPlugin,dokkaHtmlPlugin,dokkaJavadocPartialPlugin,dokkaJavadocPlugin,dokkaJekyllPartialPlugin,dokkaJekyllPlugin
org.jetbrains.dokka:kotlin-analysis-intellij:1.8.20=dokkaGfmPartialPlugin,dokkaGfmPlugin,dokkaHtmlPartialPlugin,dokkaHtmlPlugin,dokkaJavadocPartialPlugin,dokkaJavadocPlugin,dokkaJekyllPartialPlugin,dokkaJekyllPlugin
org.jetbrains.intellij.deps:coverage-report:1.0.19=koverJvmReporter
org.jetbrains.intellij.deps:intellij-coverage-agent:1.0.721=koverJvmAgent,koverJvmReporter
org.jetbrains.intellij.deps:intellij-coverage-reporter:1.0.721=koverJvmReporter
org.jetbrains.intellij.deps:trove4j:1.0.20200330=detekt,kotlinCompilerClasspath,kotlinKlibCommonizerClasspath
org.jetbrains.kotlin:kotlin-compiler-embeddable:1.8.21=detekt,kotlinCompilerClasspath,kotlinKlibCommonizerClasspath
org.jetbrains.kotlin:kotlin-daemon-embeddable:1.8.21=detekt,kotlinCompilerClasspath,kotlinKlibCommonizerClasspath
org.jetbrains.kotlin:kotlin-klib-commonizer-embeddable:1.8.21=kotlinKlibCommonizerClasspath
org.jetbrains.kotlin:kotlin-reflect:1.6.10=kotlinCompilerClasspath,kotlinKlibCommonizerClasspath
org.jetbrains.kotlin:kotlin-reflect:1.8.20=dokkaGfmPartialPlugin,dokkaGfmPartialRuntime,dokkaGfmPlugin,dokkaGfmRuntime,dokkaHtmlPartialPlugin,dokkaHtmlPartialRuntime,dokkaHtmlPlugin,dokkaHtmlRuntime,dokkaJavadocPartialPlugin,dokkaJavadocPartialRuntime,dokkaJavadocPlugin,dokkaJavadocRuntime,dokkaJekyllPartialPlugin,dokkaJekyllPartialRuntime,dokkaJekyllPlugin,dokkaJekyllRuntime
org.jetbrains.kotlin:kotlin-reflect:1.8.21=detekt
org.jetbrains.kotlin:kotlin-script-runtime:1.8.21=detekt,kotlinCompilerClasspath,kotlinCompilerPluginClasspathJvmMain,kotlinCompilerPluginClasspathJvmTest,kotlinCompilerPluginClasspathMetadataCommonMain,kotlinCompilerPluginClasspathMetadataMain,kotlinKlibCommonizerClasspath
org.jetbrains.kotlin:kotlin-scripting-common:1.8.21=kotlinCompilerPluginClasspathJvmMain,kotlinCompilerPluginClasspathJvmTest,kotlinCompilerPluginClasspathMetadataCommonMain,kotlinCompilerPluginClasspathMetadataMain
org.jetbrains.kotlin:kotlin-scripting-compiler-embeddable:1.8.21=kotlinCompilerPluginClasspathJvmMain,kotlinCompilerPluginClasspathJvmTest,kotlinCompilerPluginClasspathMetadataCommonMain,kotlinCompilerPluginClasspathMetadataMain
org.jetbrains.kotlin:kotlin-scripting-compiler-impl-embeddable:1.8.21=kotlinCompilerPluginClasspathJvmMain,kotlinCompilerPluginClasspathJvmTest,kotlinCompilerPluginClasspathMetadataCommonMain,kotlinCompilerPluginClasspathMetadataMain
org.jetbrains.kotlin:kotlin-scripting-jvm:1.8.21=kotlinCompilerPluginClasspathJvmMain,kotlinCompilerPluginClasspathJvmTest,kotlinCompilerPluginClasspathMetadataCommonMain,kotlinCompilerPluginClasspathMetadataMain
org.jetbrains.kotlin:kotlin-stdlib-common:1.8.20=dokkaGfmPartialPlugin,dokkaGfmPartialRuntime,dokkaGfmPlugin,dokkaGfmRuntime,dokkaHtmlPartialPlugin,dokkaHtmlPartialRuntime,dokkaHtmlPlugin,dokkaHtmlRuntime,dokkaJavadocPartialPlugin,dokkaJavadocPartialRuntime,dokkaJavadocPlugin,dokkaJavadocRuntime,dokkaJekyllPartialPlugin,dokkaJekyllPartialRuntime,dokkaJekyllPlugin,dokkaJekyllRuntime
org.jetbrains.kotlin:kotlin-stdlib-common:1.8.21=commonMainApiDependenciesMetadata,commonMainCompileOnlyDependenciesMetadata,commonMainImplementationDependenciesMetadata,commonMainResolvableDependenciesMetadata,commonTestApiDependenciesMetadata,commonTestCompileOnlyDependenciesMetadata,commonTestImplementationDependenciesMetadata,commonTestResolvableDependenciesMetadata,compileClasspath,detekt,jvmMainResolvableDependenciesMetadata,jvmTestResolvableDependenciesMetadata,kotlinCompilerClasspath,kotlinCompilerPluginClasspathJvmMain,kotlinCompilerPluginClasspathJvmTest,kotlinCompilerPluginClasspathMetadataCommonMain,kotlinCompilerPluginClasspathMetadataMain,kotlinKlibCommonizerClasspath,metadataCommonMainCompileClasspath,metadataCompileClasspath,runtimeClasspath,testCompileClasspath,testRuntimeClasspath
org.jetbrains.kotlin:kotlin-stdlib-jdk7:1.8.20=dokkaGfmPartialPlugin,dokkaGfmPartialRuntime,dokkaGfmPlugin,dokkaGfmRuntime,dokkaHtmlPartialPlugin,dokkaHtmlPartialRuntime,dokkaHtmlPlugin,dokkaHtmlRuntime,dokkaJavadocPartialPlugin,dokkaJavadocPartialRuntime,dokkaJavadocPlugin,dokkaJavadocRuntime,dokkaJekyllPartialPlugin,dokkaJekyllPartialRuntime,dokkaJekyllPlugin,dokkaJekyllRuntime
org.jetbrains.kotlin:kotlin-stdlib-jdk7:1.8.21=commonTestApiDependenciesMetadata,commonTestCompileOnlyDependenciesMetadata,commonTestImplementationDependenciesMetadata,commonTestResolvableDependenciesMetadata,compileClasspath,detekt,jvmCompileClasspath,jvmMainApiDependenciesMetadata,jvmMainCompileOnlyDependenciesMetadata,jvmMainImplementationDependenciesMetadata,jvmMainResolvableDependenciesMetadata,jvmRuntimeClasspath,jvmTestApiDependenciesMetadata,jvmTestCompileClasspath,jvmTestCompileOnlyDependenciesMetadata,jvmTestImplementationDependenciesMetadata,jvmTestResolvableDependenciesMetadata,jvmTestRuntimeClasspath,runtimeClasspath,testCompileClasspath,testRuntimeClasspath
org.jetbrains.kotlin:kotlin-stdlib-jdk8:1.8.20=dokkaGfmPartialPlugin,dokkaGfmPartialRuntime,dokkaGfmPlugin,dokkaGfmRuntime,dokkaHtmlPartialPlugin,dokkaHtmlPartialRuntime,dokkaHtmlPlugin,dokkaHtmlRuntime,dokkaJavadocPartialPlugin,dokkaJavadocPartialRuntime,dokkaJavadocPlugin,dokkaJavadocRuntime,dokkaJekyllPartialPlugin,dokkaJekyllPartialRuntime,dokkaJekyllPlugin,dokkaJekyllRuntime
org.jetbrains.kotlin:kotlin-stdlib-jdk8:1.8.21=commonTestApiDependenciesMetadata,commonTestCompileOnlyDependenciesMetadata,commonTestImplementationDependenciesMetadata,commonTestResolvableDependenciesMetadata,compileClasspath,detekt,jvmCompileClasspath,jvmMainApiDependenciesMetadata,jvmMainCompileOnlyDependenciesMetadata,jvmMainImplementationDependenciesMetadata,jvmMainResolvableDependenciesMetadata,jvmRuntimeClasspath,jvmTestApiDependenciesMetadata,jvmTestCompileClasspath,jvmTestCompileOnlyDependenciesMetadata,jvmTestImplementationDependenciesMetadata,jvmTestResolvableDependenciesMetadata,jvmTestRuntimeClasspath,runtimeClasspath,testCompileClasspath,testRuntimeClasspath
org.jetbrains.kotlin:kotlin-stdlib:1.8.20=dokkaGfmPartialPlugin,dokkaGfmPartialRuntime,dokkaGfmPlugin,dokkaGfmRuntime,dokkaHtmlPartialPlugin,dokkaHtmlPartialRuntime,dokkaHtmlPlugin,dokkaHtmlRuntime,dokkaJavadocPartialPlugin,dokkaJavadocPartialRuntime,dokkaJavadocPlugin,dokkaJavadocRuntime,dokkaJekyllPartialPlugin,dokkaJekyllPartialRuntime,dokkaJekyllPlugin,dokkaJekyllRuntime
org.jetbrains.kotlin:kotlin-stdlib:1.8.21=commonTestApiDependenciesMetadata,commonTestCompileOnlyDependenciesMetadata,commonTestImplementationDependenciesMetadata,commonTestResolvableDependenciesMetadata,compileClasspath,detekt,jvmCompileClasspath,jvmMainApiDependenciesMetadata,jvmMainCompileOnlyDependenciesMetadata,jvmMainImplementationDependenciesMetadata,jvmMainResolvableDependenciesMetadata,jvmRuntimeClasspath,jvmTestApiDependenciesMetadata,jvmTestCompileClasspath,jvmTestCompileOnlyDependenciesMetadata,jvmTestImplementationDependenciesMetadata,jvmTestResolvableDependenciesMetadata,jvmTestRuntimeClasspath,kotlinCompilerClasspath,kotlinCompilerPluginClasspathJvmMain,kotlinCompilerPluginClasspathJvmTest,kotlinCompilerPluginClasspathMetadataCommonMain,kotlinCompilerPluginClasspathMetadataMain,kotlinKlibCommonizerClasspath,runtimeClasspath,testCompileClasspath,testRuntimeClasspath
org.jetbrains.kotlinx:kotlinx-coroutines-bom:1.6.3=dokkaGfmPartialPlugin,dokkaGfmPartialRuntime,dokkaGfmPlugin,dokkaGfmRuntime,dokkaHtmlPartialPlugin,dokkaHtmlPartialRuntime,dokkaHtmlPlugin,dokkaHtmlRuntime,dokkaJavadocPartialPlugin,dokkaJavadocPartialRuntime,dokkaJavadocPlugin,dokkaJavadocRuntime,dokkaJekyllPartialPlugin,dokkaJekyllPartialRuntime,dokkaJekyllPlugin,dokkaJekyllRuntime
org.jetbrains.kotlinx:kotlinx-coroutines-core-jvm:1.6.3=dokkaGfmPartialPlugin,dokkaGfmPartialRuntime,dokkaGfmPlugin,dokkaGfmRuntime,dokkaHtmlPartialPlugin,dokkaHtmlPartialRuntime,dokkaHtmlPlugin,dokkaHtmlRuntime,dokkaJavadocPartialPlugin,dokkaJavadocPartialRuntime,dokkaJavadocPlugin,dokkaJavadocRuntime,dokkaJekyllPartialPlugin,dokkaJekyllPartialRuntime,dokkaJekyllPlugin,dokkaJekyllRuntime
org.jetbrains.kotlinx:kotlinx-coroutines-core:1.6.3=dokkaGfmPartialPlugin,dokkaGfmPartialRuntime,dokkaGfmPlugin,dokkaGfmRuntime,dokkaHtmlPartialPlugin,dokkaHtmlPartialRuntime,dokkaHtmlPlugin,dokkaHtmlRuntime,dokkaJavadocPartialPlugin,dokkaJavadocPartialRuntime,dokkaJavadocPlugin,dokkaJavadocRuntime,dokkaJekyllPartialPlugin,dokkaJekyllPartialRuntime,dokkaJekyllPlugin,dokkaJekyllRuntime
org.jetbrains.kotlinx:kotlinx-html-jvm:0.7.5=dokkaGfmPartialPlugin,dokkaGfmPlugin,dokkaHtmlPartialPlugin,dokkaHtmlPlugin,dokkaJavadocPartialPlugin,dokkaJavadocPlugin,dokkaJekyllPartialPlugin,dokkaJekyllPlugin
org.jetbrains.kotlinx:kotlinx-html-jvm:0.8.1=detekt
org.jetbrains.kotlinx:kotlinx-serialization-core-jvm:1.4.1=detekt
org.jetbrains.kotlinx:kotlinx-serialization-core:1.4.1=detekt
org.jetbrains.kotlinx:kotlinx-serialization-json-jvm:1.4.1=detekt
org.jetbrains.kotlinx:kotlinx-serialization-json:1.4.1=detekt
org.jetbrains:annotations:13.0=commonTestApiDependenciesMetadata,commonTestCompileOnlyDependenciesMetadata,commonTestImplementationDependenciesMetadata,commonTestResolvableDependenciesMetadata,compileClasspath,detekt,dokkaGfmPartialPlugin,dokkaGfmPartialRuntime,dokkaGfmPlugin,dokkaGfmRuntime,dokkaHtmlPartialPlugin,dokkaHtmlPartialRuntime,dokkaHtmlPlugin,dokkaHtmlRuntime,dokkaJavadocPartialPlugin,dokkaJavadocPartialRuntime,dokkaJavadocPlugin,dokkaJavadocRuntime,dokkaJekyllPartialPlugin,dokkaJekyllPartialRuntime,dokkaJekyllPlugin,dokkaJekyllRuntime,jvmCompileClasspath,jvmMainApiDependenciesMetadata,jvmMainCompileOnlyDependenciesMetadata,jvmMainImplementationDependenciesMetadata,jvmMainResolvableDependenciesMetadata,jvmRuntimeClasspath,jvmTestApiDependenciesMetadata,jvmTestCompileClasspath,jvmTestCompileOnlyDependenciesMetadata,jvmTestImplementationDependenciesMetadata,jvmTestResolvableDependenciesMetadata,jvmTestRuntimeClasspath,kotlinCompilerClasspath,kotlinCompilerPluginClasspathJvmMain,kotlinCompilerPluginClasspathJvmTest,kotlinCompilerPluginClasspathMetadataCommonMain,kotlinCompilerPluginClasspathMetadataMain,kotlinKlibCommonizerClasspath,runtimeClasspath,testCompileClasspath,testRuntimeClasspath
org.jetbrains:annotations:16.0.2=koverJvmReporter
org.jetbrains:markdown-jvm:0.3.1=dokkaGfmPartialRuntime,dokkaGfmRuntime,dokkaHtmlPartialRuntime,dokkaHtmlRuntime,dokkaJavadocPartialRuntime,dokkaJavadocRuntime,dokkaJekyllPartialRuntime,dokkaJekyllRuntime
org.jetbrains:markdown:0.3.1=dokkaGfmPartialRuntime,dokkaGfmRuntime,dokkaHtmlPartialRuntime,dokkaHtmlRuntime,dokkaJavadocPartialRuntime,dokkaJavadocRuntime,dokkaJekyllPartialRuntime,dokkaJekyllRuntime
org.jsoup:jsoup:1.15.3=dokkaGfmPartialPlugin,dokkaGfmPartialRuntime,dokkaGfmPlugin,dokkaGfmRuntime,dokkaHtmlPartialPlugin,dokkaHtmlPartialRuntime,dokkaHtmlPlugin,dokkaHtmlRuntime,dokkaJavadocPartialPlugin,dokkaJavadocPartialRuntime,dokkaJavadocPlugin,dokkaJavadocRuntime,dokkaJekyllPartialPlugin,dokkaJekyllPartialRuntime,dokkaJekyllPlugin,dokkaJekyllRuntime
org.junit.jupiter:junit-jupiter-api:5.9.1=jvmTestApiDependenciesMetadata,jvmTestCompileClasspath,jvmTestCompileOnlyDependenciesMetadata,jvmTestImplementationDependenciesMetadata,jvmTestResolvableDependenciesMetadata,jvmTestRuntimeClasspath,testCompileClasspath,testRuntimeClasspath
org.junit.jupiter:junit-jupiter-engine:5.9.1=jvmTestRuntimeClasspath,testRuntimeClasspath
org.junit.jupiter:junit-jupiter-params:5.9.1=jvmTestApiDependenciesMetadata,jvmTestCompileClasspath,jvmTestCompileOnlyDependenciesMetadata,jvmTestImplementationDependenciesMetadata,jvmTestResolvableDependenciesMetadata,jvmTestRuntimeClasspath,testCompileClasspath,testRuntimeClasspath
org.junit.jupiter:junit-jupiter:5.9.1=jvmTestApiDependenciesMetadata,jvmTestCompileClasspath,jvmTestCompileOnlyDependenciesMetadata,jvmTestImplementationDependenciesMetadata,jvmTestResolvableDependenciesMetadata,jvmTestRuntimeClasspath,testCompileClasspath,testRuntimeClasspath
org.junit.platform:junit-platform-commons:1.9.1=jvmTestApiDependenciesMetadata,jvmTestCompileClasspath,jvmTestCompileOnlyDependenciesMetadata,jvmTestImplementationDependenciesMetadata,jvmTestResolvableDependenciesMetadata,jvmTestRuntimeClasspath,testCompileClasspath,testRuntimeClasspath
org.junit.platform:junit-platform-engine:1.9.1=jvmTestRuntimeClasspath,testRuntimeClasspath
org.junit:junit-bom:5.9.1=jvmTestApiDependenciesMetadata,jvmTestCompileClasspath,jvmTestCompileOnlyDependenciesMetadata,jvmTestImplementationDependenciesMetadata,jvmTestResolvableDependenciesMetadata,jvmTestRuntimeClasspath,testCompileClasspath,testRuntimeClasspath
org.opentest4j:opentest4j:1.2.0=jvmTestApiDependenciesMetadata,jvmTestCompileClasspath,jvmTestCompileOnlyDependenciesMetadata,jvmTestImplementationDependenciesMetadata,jvmTestResolvableDependenciesMetadata,jvmTestRuntimeClasspath,testCompileClasspath,testRuntimeClasspath
org.snakeyaml:snakeyaml-engine:2.6=detekt
empty=allSourceSetsCompileDependenciesMetadata,annotationProcessor,commonMainIntransitiveDependenciesMetadata,commonTestIntransitiveDependenciesMetadata,detektPlugins,dokkaPlugin,dokkaRuntime,jvmMainIntransitiveDependenciesMetadata,jvmTestIntransitiveDependenciesMetadata,kotlinCompilerPluginClasspath,kotlinNativeCompilerPluginClasspath,kotlinScriptDef,kotlinScriptDefExtensions,koverExternalArtifacts,signatures,testAnnotationProcessor,testKotlinScriptDef,testKotlinScriptDefExtensions
